
Microsoft Visual Studio Solution File, Format Version 12.00
# Visual Studio Version 16
VisualStudioVersion = 16.0.33801.447
MinimumVisualStudioVersion = 10.0.40219.1
Project("{8BC9CEB8-8B4A-11D0-8D11-00A0C91BC942}") = "Project9", "Project9\Project9.vcxproj", "{C3DC0987-951F-48C3-82D4-45B8440E5656}"
EndProject
Global
	GlobalSection(SolutionConfigurationPlatforms) = preSolution
		Debug|x64 = Debug|x64
		Debug|x86 = Debug|x86
		Release|x64 = Release|x64
		Release|x86 = Release|x86
	EndGlobalSection
	GlobalSection(ProjectConfigurationPlatforms) = postSolution
		{C3DC0987-951F-48C3-82D4-45B8440E5656}.Debug|x64.ActiveCfg = Debug|x64
		{C3DC0987-951F-48C3-82D4-45B8440E5656}.Debug|x64.Build.0 = Debug|x64
		{C3DC0987-951F-48C3-82D4-45B8440E5656}.Debug|x86.ActiveCfg = Debug|Win32
		{C3DC0987-951F-48C3-82D4-45B8440E5656}.Debug|x86.Build.0 = Debug|Win32
		{C3DC0987-951F-48C3-82D4-45B8440E5656}.Release|x64.ActiveCfg = Release|x64
		{C3DC0987-951F-48C3-82D4-45B8440E5656}.Release|x64.Build.0 = Release|x64
		{C3DC0987-951F-48C3-82D4-45B8440E5656}.Release|x86.ActiveCfg = Release|Win32
		{C3DC0987-951F-48C3-82D4-45B8440E5656}.Release|x86.Build.0 = Release|Win32
	EndGlobalSection
	GlobalSection(SolutionProperties) = preSolution
		HideSolutionNode = FALSE
	EndGlobalSection
	GlobalSection(ExtensibilityGlobals) = postSolution
		SolutionGuid = {20366354-5173-48B1-ACDC-DDCEFCF68714}
	EndGlobalSection
EndGlobal
