
Microsoft Visual Studio Solution File, Format Version 12.00
# Visual Studio Version 16
VisualStudioVersion = 16.0.33801.447
MinimumVisualStudioVersion = 10.0.40219.1
Project("{8BC9CEB8-8B4A-11D0-8D11-00A0C91BC942}") = "Project5", "Project5\Project5.vcxproj", "{CF933285-DB1C-44F8-860F-8033DE3446B5}"
EndProject
Global
	GlobalSection(SolutionConfigurationPlatforms) = preSolution
		Debug|x64 = Debug|x64
		Debug|x86 = Debug|x86
		Release|x64 = Release|x64
		Release|x86 = Release|x86
	EndGlobalSection
	GlobalSection(ProjectConfigurationPlatforms) = postSolution
		{CF933285-DB1C-44F8-860F-8033DE3446B5}.Debug|x64.ActiveCfg = Debug|x64
		{CF933285-DB1C-44F8-860F-8033DE3446B5}.Debug|x64.Build.0 = Debug|x64
		{CF933285-DB1C-44F8-860F-8033DE3446B5}.Debug|x86.ActiveCfg = Debug|Win32
		{CF933285-DB1C-44F8-860F-8033DE3446B5}.Debug|x86.Build.0 = Debug|Win32
		{CF933285-DB1C-44F8-860F-8033DE3446B5}.Release|x64.ActiveCfg = Release|x64
		{CF933285-DB1C-44F8-860F-8033DE3446B5}.Release|x64.Build.0 = Release|x64
		{CF933285-DB1C-44F8-860F-8033DE3446B5}.Release|x86.ActiveCfg = Release|Win32
		{CF933285-DB1C-44F8-860F-8033DE3446B5}.Release|x86.Build.0 = Release|Win32
	EndGlobalSection
	GlobalSection(SolutionProperties) = preSolution
		HideSolutionNode = FALSE
	EndGlobalSection
	GlobalSection(ExtensibilityGlobals) = postSolution
		SolutionGuid = {152112B1-C6A4-444F-B4D2-BB39D9DC1A01}
	EndGlobalSection
EndGlobal
